// !$*UTF8*$!
{
	archiveVersion = 1;
	classes = {
	};
	objectVersion = 50;
	objects = {

/* Begin PBXBuildFile section */
		8E1B9791268D9D74001D5C8A /* TPCallTrace.c in Sources */ = {isa = PBXBuildFile; fileRef = 8E1B9790268D9D74001D5C8A /* TPCallTrace.c */; };
		8EAC29C32689E672003DB4D0 /* AppDelegate.m in Sources */ = {isa = PBXBuildFile; fileRef = 8EAC29C22689E672003DB4D0 /* AppDelegate.m */; };
		8EAC29C62689E672003DB4D0 /* SceneDelegate.m in Sources */ = {isa = PBXBuildFile; fileRef = 8EAC29C52689E672003DB4D0 /* SceneDelegate.m */; };
		8EAC29C92689E672003DB4D0 /* ViewController.m in Sources */ = {isa = PBXBuildFile; fileRef = 8EAC29C82689E672003DB4D0 /* ViewController.m */; };
		8EAC29CC2689E672003DB4D0 /* Main.storyboard in Resources */ = {isa = PBXBuildFile; fileRef = 8EAC29CA2689E672003DB4D0 /* Main.storyboard */; };
		8EAC29CE2689E673003DB4D0 /* Assets.xcassets in Resources */ = {isa = PBXBuildFile; fileRef = 8EAC29CD2689E673003DB4D0 /* Assets.xcassets */; };
		8EAC29D12689E673003DB4D0 /* LaunchScreen.storyboard in Resources */ = {isa = PBXBuildFile; fileRef = 8EAC29CF2689E673003DB4D0 /* LaunchScreen.storyboard */; };
		8EAC29D42689E673003DB4D0 /* main.m in Sources */ = {isa = PBXBuildFile; fileRef = 8EAC29D32689E673003DB4D0 /* main.m */; };
		8EAC29DE2689E673003DB4D0 /* MyTimeProfileTests.m in Sources */ = {isa = PBXBuildFile; fileRef = 8EAC29DD2689E673003DB4D0 /* MyTimeProfileTests.m */; };
		8EAC29E92689E673003DB4D0 /* MyTimeProfileUITests.m in Sources */ = {isa = PBXBuildFile; fileRef = 8EAC29E82689E673003DB4D0 /* MyTimeProfileUITests.m */; };
		8EAC2E5D2689E6A7003DB4D0 /* fishhook.c in Sources */ = {isa = PBXBuildFile; fileRef = 8EAC2E5C2689E6A7003DB4D0 /* fishhook.c */; };
		8EAC2E632689E6D8003DB4D0 /* MyTimeProfile.m in Sources */ = {isa = PBXBuildFile; fileRef = 8EAC2E622689E6D8003DB4D0 /* MyTimeProfile.m */; };
		8EAC2E682689EE72003DB4D0 /* hookObjcMsgSend-arm64.s in Sources */ = {isa = PBXBuildFile; fileRef = 8EAC2E672689EE72003DB4D0 /* hookObjcMsgSend-arm64.s */; };
		E98E47A226901D4B00C7BDD5 /* Parent.m in Sources */ = {isa = PBXBuildFile; fileRef = E98E47A126901D4B00C7BDD5 /* Parent.m */; };
		E98E47A526901D5D00C7BDD5 /* Child.m in Sources */ = {isa = PBXBuildFile; fileRef = E98E47A426901D5D00C7BDD5 /* Child.m */; };
/* End PBXBuildFile section */

/* Begin PBXContainerItemProxy section */
		8EAC29DA2689E673003DB4D0 /* PBXContainerItemProxy */ = {
			isa = PBXContainerItemProxy;
			containerPortal = 8EAC29B62689E672003DB4D0 /* Project object */;
			proxyType = 1;
			remoteGlobalIDString = 8EAC29BD2689E672003DB4D0;
			remoteInfo = MyTimeProfile;
		};
		8EAC29E52689E673003DB4D0 /* PBXContainerItemProxy */ = {
			isa = PBXContainerItemProxy;
			containerPortal = 8EAC29B62689E672003DB4D0 /* Project object */;
			proxyType = 1;
			remoteGlobalIDString = 8EAC29BD2689E672003DB4D0;
			remoteInfo = MyTimeProfile;
		};
/* End PBXContainerItemProxy section */

/* Begin PBXFileReference section */
		8E1B978F268D9D74001D5C8A /* TPCallTrace.h */ = {isa = PBXFileReference; lastKnownFileType = sourcecode.c.h; path = TPCallTrace.h; sourceTree = "<group>"; };
		8E1B9790268D9D74001D5C8A /* TPCallTrace.c */ = {isa = PBXFileReference; lastKnownFileType = sourcecode.c.c; path = TPCallTrace.c; sourceTree = "<group>"; };
		8EAC29BE2689E672003DB4D0 /* MyTimeProfile.app */ = {isa = PBXFileReference; explicitFileType = wrapper.application; includeInIndex = 0; path = MyTimeProfile.app; sourceTree = BUILT_PRODUCTS_DIR; };
		8EAC29C12689E672003DB4D0 /* AppDelegate.h */ = {isa = PBXFileReference; lastKnownFileType = sourcecode.c.h; path = AppDelegate.h; sourceTree = "<group>"; };
		8EAC29C22689E672003DB4D0 /* AppDelegate.m */ = {isa = PBXFileReference; lastKnownFileType = sourcecode.c.objc; path = AppDelegate.m; sourceTree = "<group>"; };
		8EAC29C42689E672003DB4D0 /* SceneDelegate.h */ = {isa = PBXFileReference; lastKnownFileType = sourcecode.c.h; path = SceneDelegate.h; sourceTree = "<group>"; };
		8EAC29C52689E672003DB4D0 /* SceneDelegate.m */ = {isa = PBXFileReference; lastKnownFileType = sourcecode.c.objc; path = SceneDelegate.m; sourceTree = "<group>"; };
		8EAC29C72689E672003DB4D0 /* ViewController.h */ = {isa = PBXFileReference; lastKnownFileType = sourcecode.c.h; path = ViewController.h; sourceTree = "<group>"; };
		8EAC29C82689E672003DB4D0 /* ViewController.m */ = {isa = PBXFileReference; lastKnownFileType = sourcecode.c.objc; path = ViewController.m; sourceTree = "<group>"; };
		8EAC29CB2689E672003DB4D0 /* Base */ = {isa = PBXFileReference; lastKnownFileType = file.storyboard; name = Base; path = Base.lproj/Main.storyboard; sourceTree = "<group>"; };
		8EAC29CD2689E673003DB4D0 /* Assets.xcassets */ = {isa = PBXFileReference; lastKnownFileType = folder.assetcatalog; path = Assets.xcassets; sourceTree = "<group>"; };
		8EAC29D02689E673003DB4D0 /* Base */ = {isa = PBXFileReference; lastKnownFileType = file.storyboard; name = Base; path = Base.lproj/LaunchScreen.storyboard; sourceTree = "<group>"; };
		8EAC29D22689E673003DB4D0 /* Info.plist */ = {isa = PBXFileReference; lastKnownFileType = text.plist.xml; path = Info.plist; sourceTree = "<group>"; };
		8EAC29D32689E673003DB4D0 /* main.m */ = {isa = PBXFileReference; lastKnownFileType = sourcecode.c.objc; path = main.m; sourceTree = "<group>"; };
		8EAC29D92689E673003DB4D0 /* MyTimeProfileTests.xctest */ = {isa = PBXFileReference; explicitFileType = wrapper.cfbundle; includeInIndex = 0; path = MyTimeProfileTests.xctest; sourceTree = BUILT_PRODUCTS_DIR; };
		8EAC29DD2689E673003DB4D0 /* MyTimeProfileTests.m */ = {isa = PBXFileReference; lastKnownFileType = sourcecode.c.objc; path = MyTimeProfileTests.m; sourceTree = "<group>"; };
		8EAC29DF2689E673003DB4D0 /* Info.plist */ = {isa = PBXFileReference; lastKnownFileType = text.plist.xml; path = Info.plist; sourceTree = "<group>"; };
		8EAC29E42689E673003DB4D0 /* MyTimeProfileUITests.xctest */ = {isa = PBXFileReference; explicitFileType = wrapper.cfbundle; includeInIndex = 0; path = MyTimeProfileUITests.xctest; sourceTree = BUILT_PRODUCTS_DIR; };
		8EAC29E82689E673003DB4D0 /* MyTimeProfileUITests.m */ = {isa = PBXFileReference; lastKnownFileType = sourcecode.c.objc; path = MyTimeProfileUITests.m; sourceTree = "<group>"; };
		8EAC29EA2689E673003DB4D0 /* Info.plist */ = {isa = PBXFileReference; lastKnownFileType = text.plist.xml; path = Info.plist; sourceTree = "<group>"; };
		8EAC2E5B2689E6A7003DB4D0 /* fishhook.h */ = {isa = PBXFileReference; fileEncoding = 4; lastKnownFileType = sourcecode.c.h; path = fishhook.h; sourceTree = "<group>"; };
		8EAC2E5C2689E6A7003DB4D0 /* fishhook.c */ = {isa = PBXFileReference; fileEncoding = 4; lastKnownFileType = sourcecode.c.c; path = fishhook.c; sourceTree = "<group>"; };
		8EAC2E612689E6D8003DB4D0 /* MyTimeProfile.h */ = {isa = PBXFileReference; lastKnownFileType = sourcecode.c.h; path = MyTimeProfile.h; sourceTree = "<group>"; };
		8EAC2E622689E6D8003DB4D0 /* MyTimeProfile.m */ = {isa = PBXFileReference; lastKnownFileType = sourcecode.c.objc; path = MyTimeProfile.m; sourceTree = "<group>"; };
		8EAC2E672689EE72003DB4D0 /* hookObjcMsgSend-arm64.s */ = {isa = PBXFileReference; lastKnownFileType = sourcecode.asm; path = "hookObjcMsgSend-arm64.s"; sourceTree = "<group>"; };
		E98E47A026901D4B00C7BDD5 /* Parent.h */ = {isa = PBXFileReference; lastKnownFileType = sourcecode.c.h; path = Parent.h; sourceTree = "<group>"; };
		E98E47A126901D4B00C7BDD5 /* Parent.m */ = {isa = PBXFileReference; lastKnownFileType = sourcecode.c.objc; path = Parent.m; sourceTree = "<group>"; };
		E98E47A326901D5D00C7BDD5 /* Child.h */ = {isa = PBXFileReference; lastKnownFileType = sourcecode.c.h; path = Child.h; sourceTree = "<group>"; };
		E98E47A426901D5D00C7BDD5 /* Child.m */ = {isa = PBXFileReference; lastKnownFileType = sourcecode.c.objc; path = Child.m; sourceTree = "<group>"; };
/* End PBXFileReference section */

/* Begin PBXFrameworksBuildPhase section */
		8EAC29BB2689E672003DB4D0 /* Frameworks */ = {
			isa = PBXFrameworksBuildPhase;
			buildActionMask = 2147483647;
			files = (
			);
			runOnlyForDeploymentPostprocessing = 0;
		};
		8EAC29D62689E673003DB4D0 /* Frameworks */ = {
			isa = PBXFrameworksBuildPhase;
			buildActionMask = 2147483647;
			files = (
			);
			runOnlyForDeploymentPostprocessing = 0;
		};
		8EAC29E12689E673003DB4D0 /* Frameworks */ = {
			isa = PBXFrameworksBuildPhase;
			buildActionMask = 2147483647;
			files = (
			);
			runOnlyForDeploymentPostprocessing = 0;
		};
/* End PBXFrameworksBuildPhase section */

/* Begin PBXGroup section */
		8EAC29B52689E672003DB4D0 = {
			isa = PBXGroup;
			children = (
				8EAC29C02689E672003DB4D0 /* MyTimeProfile */,
				8EAC29DC2689E673003DB4D0 /* MyTimeProfileTests */,
				8EAC29E72689E673003DB4D0 /* MyTimeProfileUITests */,
				8EAC29BF2689E672003DB4D0 /* Products */,
			);
			sourceTree = "<group>";
		};
		8EAC29BF2689E672003DB4D0 /* Products */ = {
			isa = PBXGroup;
			children = (
				8EAC29BE2689E672003DB4D0 /* MyTimeProfile.app */,
				8EAC29D92689E673003DB4D0 /* MyTimeProfileTests.xctest */,
				8EAC29E42689E673003DB4D0 /* MyTimeProfileUITests.xctest */,
			);
			name = Products;
			sourceTree = "<group>";
		};
		8EAC29C02689E672003DB4D0 /* MyTimeProfile */ = {
			isa = PBXGroup;
			children = (
				8EAC2E5C2689E6A7003DB4D0 /* fishhook.c */,
				8EAC2E5B2689E6A7003DB4D0 /* fishhook.h */,
				8EAC29C12689E672003DB4D0 /* AppDelegate.h */,
				8EAC29C22689E672003DB4D0 /* AppDelegate.m */,
				8EAC29C42689E672003DB4D0 /* SceneDelegate.h */,
				8EAC29C52689E672003DB4D0 /* SceneDelegate.m */,
				8EAC29C72689E672003DB4D0 /* ViewController.h */,
				8EAC29C82689E672003DB4D0 /* ViewController.m */,
				8EAC29CA2689E672003DB4D0 /* Main.storyboard */,
				8EAC29CD2689E673003DB4D0 /* Assets.xcassets */,
				8EAC29CF2689E673003DB4D0 /* LaunchScreen.storyboard */,
				8EAC29D22689E673003DB4D0 /* Info.plist */,
				8EAC29D32689E673003DB4D0 /* main.m */,
				8EAC2E612689E6D8003DB4D0 /* MyTimeProfile.h */,
				8EAC2E622689E6D8003DB4D0 /* MyTimeProfile.m */,
				8EAC2E672689EE72003DB4D0 /* hookObjcMsgSend-arm64.s */,
				8E1B978F268D9D74001D5C8A /* TPCallTrace.h */,
				8E1B9790268D9D74001D5C8A /* TPCallTrace.c */,
				E98E47A026901D4B00C7BDD5 /* Parent.h */,
				E98E47A126901D4B00C7BDD5 /* Parent.m */,
				E98E47A326901D5D00C7BDD5 /* Child.h */,
				E98E47A426901D5D00C7BDD5 /* Child.m */,
			);
			path = MyTimeProfile;
			sourceTree = "<group>";
		};
		8EAC29DC2689E673003DB4D0 /* MyTimeProfileTests */ = {
			isa = PBXGroup;
			children = (
				8EAC29DD2689E673003DB4D0 /* MyTimeProfileTests.m */,
				8EAC29DF2689E673003DB4D0 /* Info.plist */,
			);
			path = MyTimeProfileTests;
			sourceTree = "<group>";
		};
		8EAC29E72689E673003DB4D0 /* MyTimeProfileUITests */ = {
			isa = PBXGroup;
			children = (
				8EAC29E82689E673003DB4D0 /* MyTimeProfileUITests.m */,
				8EAC29EA2689E673003DB4D0 /* Info.plist */,
			);
			path = MyTimeProfileUITests;
			sourceTree = "<group>";
		};
/* End PBXGroup section */

/* Begin PBXNativeTarget section */
		8EAC29BD2689E672003DB4D0 /* MyTimeProfile */ = {
			isa = PBXNativeTarget;
			buildConfigurationList = 8EAC29ED2689E673003DB4D0 /* Build configuration list for PBXNativeTarget "MyTimeProfile" */;
			buildPhases = (
				8EAC29BA2689E672003DB4D0 /* Sources */,
				8EAC29BB2689E672003DB4D0 /* Frameworks */,
				8EAC29BC2689E672003DB4D0 /* Resources */,
			);
			buildRules = (
			);
			dependencies = (
			);
			name = MyTimeProfile;
			productName = MyTimeProfile;
			productReference = 8EAC29BE2689E672003DB4D0 /* MyTimeProfile.app */;
			productType = "com.apple.product-type.application";
		};
		8EAC29D82689E673003DB4D0 /* MyTimeProfileTests */ = {
			isa = PBXNativeTarget;
			buildConfigurationList = 8EAC29F02689E673003DB4D0 /* Build configuration list for PBXNativeTarget "MyTimeProfileTests" */;
			buildPhases = (
				8EAC29D52689E673003DB4D0 /* Sources */,
				8EAC29D62689E673003DB4D0 /* Frameworks */,
				8EAC29D72689E673003DB4D0 /* Resources */,
			);
			buildRules = (
			);
			dependencies = (
				8EAC29DB2689E673003DB4D0 /* PBXTargetDependency */,
			);
			name = MyTimeProfileTests;
			productName = MyTimeProfileTests;
			productReference = 8EAC29D92689E673003DB4D0 /* MyTimeProfileTests.xctest */;
			productType = "com.apple.product-type.bundle.unit-test";
		};
		8EAC29E32689E673003DB4D0 /* MyTimeProfileUITests */ = {
			isa = PBXNativeTarget;
			buildConfigurationList = 8EAC29F32689E673003DB4D0 /* Build configuration list for PBXNativeTarget "MyTimeProfileUITests" */;
			buildPhases = (
				8EAC29E02689E673003DB4D0 /* Sources */,
				8EAC29E12689E673003DB4D0 /* Frameworks */,
				8EAC29E22689E673003DB4D0 /* Resources */,
			);
			buildRules = (
			);
			dependencies = (
				8EAC29E62689E673003DB4D0 /* PBXTargetDependency */,
			);
			name = MyTimeProfileUITests;
			productName = MyTimeProfileUITests;
			productReference = 8EAC29E42689E673003DB4D0 /* MyTimeProfileUITests.xctest */;
			productType = "com.apple.product-type.bundle.ui-testing";
		};
/* End PBXNativeTarget section */

/* Begin PBXProject section */
		8EAC29B62689E672003DB4D0 /* Project object */ = {
			isa = PBXProject;
			attributes = {
				LastUpgradeCheck = 1240;
				TargetAttributes = {
					8EAC29BD2689E672003DB4D0 = {
						CreatedOnToolsVersion = 12.4;
					};
					8EAC29D82689E673003DB4D0 = {
						CreatedOnToolsVersion = 12.4;
						TestTargetID = 8EAC29BD2689E672003DB4D0;
					};
					8EAC29E32689E673003DB4D0 = {
						CreatedOnToolsVersion = 12.4;
						TestTargetID = 8EAC29BD2689E672003DB4D0;
					};
				};
			};
			buildConfigurationList = 8EAC29B92689E672003DB4D0 /* Build configuration list for PBXProject "MyTimeProfile" */;
			compatibilityVersion = "Xcode 9.3";
			developmentRegion = en;
			hasScannedForEncodings = 0;
			knownRegions = (
				en,
				Base,
			);
			mainGroup = 8EAC29B52689E672003DB4D0;
			productRefGroup = 8EAC29BF2689E672003DB4D0 /* Products */;
			projectDirPath = "";
			projectRoot = "";
			targets = (
				8EAC29BD2689E672003DB4D0 /* MyTimeProfile */,
				8EAC29D82689E673003DB4D0 /* MyTimeProfileTests */,
				8EAC29E32689E673003DB4D0 /* MyTimeProfileUITests */,
			);
		};
/* End PBXProject section */

/* Begin PBXResourcesBuildPhase section */
		8EAC29BC2689E672003DB4D0 /* Resources */ = {
			isa = PBXResourcesBuildPhase;
			buildActionMask = 2147483647;
			files = (
				8EAC29D12689E673003DB4D0 /* LaunchScreen.storyboard in Resources */,
				8EAC29CE2689E673003DB4D0 /* Assets.xcassets in Resources */,
				8EAC29CC2689E672003DB4D0 /* Main.storyboard in Resources */,
			);
			runOnlyForDeploymentPostprocessing = 0;
		};
		8EAC29D72689E673003DB4D0 /* Resources */ = {
			isa = PBXResourcesBuildPhase;
			buildActionMask = 2147483647;
			files = (
			);
			runOnlyForDeploymentPostprocessing = 0;
		};
		8EAC29E22689E673003DB4D0 /* Resources */ = {
			isa = PBXResourcesBuildPhase;
			buildActionMask = 2147483647;
			files = (
			);
			runOnlyForDeploymentPostprocessing = 0;
		};
/* End PBXResourcesBuildPhase section */

/* Begin PBXSourcesBuildPhase section */
		8EAC29BA2689E672003DB4D0 /* Sources */ = {
			isa = PBXSourcesBuildPhase;
			buildActionMask = 2147483647;
			files = (
				8EAC29C92689E672003DB4D0 /* ViewController.m in Sources */,
				8EAC2E5D2689E6A7003DB4D0 /* fishhook.c in Sources */,
				8EAC2E632689E6D8003DB4D0 /* MyTimeProfile.m in Sources */,
				8EAC29C32689E672003DB4D0 /* AppDelegate.m in Sources */,
				E98E47A526901D5D00C7BDD5 /* Child.m in Sources */,
				8EAC29D42689E673003DB4D0 /* main.m in Sources */,
				E98E47A226901D4B00C7BDD5 /* Parent.m in Sources */,
				8E1B9791268D9D74001D5C8A /* TPCallTrace.c in Sources */,
				8EAC2E682689EE72003DB4D0 /* hookObjcMsgSend-arm64.s in Sources */,
				8EAC29C62689E672003DB4D0 /* SceneDelegate.m in Sources */,
			);
			runOnlyForDeploymentPostprocessing = 0;
		};
		8EAC29D52689E673003DB4D0 /* Sources */ = {
			isa = PBXSourcesBuildPhase;
			buildActionMask = 2147483647;
			files = (
				8EAC29DE2689E673003DB4D0 /* MyTimeProfileTests.m in Sources */,
			);
			runOnlyForDeploymentPostprocessing = 0;
		};
		8EAC29E02689E673003DB4D0 /* Sources */ = {
			isa = PBXSourcesBuildPhase;
			buildActionMask = 2147483647;
			files = (
				8EAC29E92689E673003DB4D0 /* MyTimeProfileUITests.m in Sources */,
			);
			runOnlyForDeploymentPostprocessing = 0;
		};
/* End PBXSourcesBuildPhase section */

/* Begin PBXTargetDependency section */
		8EAC29DB2689E673003DB4D0 /* PBXTargetDependency */ = {
			isa = PBXTargetDependency;
			target = 8EAC29BD2689E672003DB4D0 /* MyTimeProfile */;
			targetProxy = 8EAC29DA2689E673003DB4D0 /* PBXContainerItemProxy */;
		};
		8EAC29E62689E673003DB4D0 /* PBXTargetDependency */ = {
			isa = PBXTargetDependency;
			target = 8EAC29BD2689E672003DB4D0 /* MyTimeProfile */;
			targetProxy = 8EAC29E52689E673003DB4D0 /* PBXContainerItemProxy */;
		};
/* End PBXTargetDependency section */

/* Begin PBXVariantGroup section */
		8EAC29CA2689E672003DB4D0 /* Main.storyboard */ = {
			isa = PBXVariantGroup;
			children = (
				8EAC29CB2689E672003DB4D0 /* Base */,
			);
			name = Main.storyboard;
			sourceTree = "<group>";
		};
		8EAC29CF2689E673003DB4D0 /* LaunchScreen.storyboard */ = {
			isa = PBXVariantGroup;
			children = (
				8EAC29D02689E673003DB4D0 /* Base */,
			);
			name = LaunchScreen.storyboard;
			sourceTree = "<group>";
		};
/* End PBXVariantGroup section */

/* Begin XCBuildConfiguration section */
		8EAC29EB2689E673003DB4D0 /* Debug */ = {
			isa = XCBuildConfiguration;
			buildSettings = {
				ALWAYS_SEARCH_USER_PATHS = NO;
				CLANG_ANALYZER_NONNULL = YES;
				CLANG_ANALYZER_NUMBER_OBJECT_CONVERSION = YES_AGGRESSIVE;
				CLANG_CXX_LANGUAGE_STANDARD = "gnu++14";
				CLANG_CXX_LIBRARY = "libc++";
				CLANG_ENABLE_MODULES = YES;
				CLANG_ENABLE_OBJC_ARC = YES;
				CLANG_ENABLE_OBJC_WEAK = YES;
				CLANG_WARN_BLOCK_CAPTURE_AUTORELEASING = YES;
				CLANG_WARN_BOOL_CONVERSION = YES;
				CLANG_WARN_COMMA = YES;
				CLANG_WARN_CONSTANT_CONVERSION = YES;
				CLANG_WARN_DEPRECATED_OBJC_IMPLEMENTATIONS = YES;
				CLANG_WARN_DIRECT_OBJC_ISA_USAGE = YES_ERROR;
				CLANG_WARN_DOCUMENTATION_COMMENTS = YES;
				CLANG_WARN_EMPTY_BODY = YES;
				CLANG_WARN_ENUM_CONVERSION = YES;
				CLANG_WARN_INFINITE_RECURSION = YES;
				CLANG_WARN_INT_CONVERSION = YES;
				CLANG_WARN_NON_LITERAL_NULL_CONVERSION = YES;
				CLANG_WARN_OBJC_IMPLICIT_RETAIN_SELF = YES;
				CLANG_WARN_OBJC_LITERAL_CONVERSION = YES;
				CLANG_WARN_OBJC_ROOT_CLASS = YES_ERROR;
				CLANG_WARN_QUOTED_INCLUDE_IN_FRAMEWORK_HEADER = YES;
				CLANG_WARN_RANGE_LOOP_ANALYSIS = YES;
				CLANG_WARN_STRICT_PROTOTYPES = YES;
				CLANG_WARN_SUSPICIOUS_MOVE = YES;
				CLANG_WARN_UNGUARDED_AVAILABILITY = YES_AGGRESSIVE;
				CLANG_WARN_UNREACHABLE_CODE = YES;
				CLANG_WARN__DUPLICATE_METHOD_MATCH = YES;
				COPY_PHASE_STRIP = NO;
				DEBUG_INFORMATION_FORMAT = dwarf;
				ENABLE_STRICT_OBJC_MSGSEND = YES;
				ENABLE_TESTABILITY = YES;
				GCC_C_LANGUAGE_STANDARD = gnu11;
				GCC_DYNAMIC_NO_PIC = NO;
				GCC_NO_COMMON_BLOCKS = YES;
				GCC_OPTIMIZATION_LEVEL = 0;
				GCC_PREPROCESSOR_DEFINITIONS = (
					"DEBUG=1",
					"$(inherited)",
				);
				GCC_WARN_64_TO_32_BIT_CONVERSION = YES;
				GCC_WARN_ABOUT_RETURN_TYPE = YES_ERROR;
				GCC_WARN_UNDECLARED_SELECTOR = YES;
				GCC_WARN_UNINITIALIZED_AUTOS = YES_AGGRESSIVE;
				GCC_WARN_UNUSED_FUNCTION = YES;
				GCC_WARN_UNUSED_VARIABLE = YES;
				IPHONEOS_DEPLOYMENT_TARGET = 14.4;
				MTL_ENABLE_DEBUG_INFO = INCLUDE_SOURCE;
				MTL_FAST_MATH = YES;
				ONLY_ACTIVE_ARCH = YES;
				SDKROOT = iphoneos;
			};
			name = Debug;
		};
		8EAC29EC2689E673003DB4D0 /* Release */ = {
			isa = XCBuildConfiguration;
			buildSettings = {
				ALWAYS_SEARCH_USER_PATHS = NO;
				CLANG_ANALYZER_NONNULL = YES;
				CLANG_ANALYZER_NUMBER_OBJECT_CONVERSION = YES_AGGRESSIVE;
				CLANG_CXX_LANGUAGE_STANDARD = "gnu++14";
				CLANG_CXX_LIBRARY = "libc++";
				CLANG_ENABLE_MODULES = YES;
				CLANG_ENABLE_OBJC_ARC = YES;
				CLANG_ENABLE_OBJC_WEAK = YES;
				CLANG_WARN_BLOCK_CAPTURE_AUTORELEASING = YES;
				CLANG_WARN_BOOL_CONVERSION = YES;
				CLANG_WARN_COMMA = YES;
				CLANG_WARN_CONSTANT_CONVERSION = YES;
				CLANG_WARN_DEPRECATED_OBJC_IMPLEMENTATIONS = YES;
				CLANG_WARN_DIRECT_OBJC_ISA_USAGE = YES_ERROR;
				CLANG_WARN_DOCUMENTATION_COMMENTS = YES;
				CLANG_WARN_EMPTY_BODY = YES;
				CLANG_WARN_ENUM_CONVERSION = YES;
				CLANG_WARN_INFINITE_RECURSION = YES;
				CLANG_WARN_INT_CONVERSION = YES;
				CLANG_WARN_NON_LITERAL_NULL_CONVERSION = YES;
				CLANG_WARN_OBJC_IMPLICIT_RETAIN_SELF = YES;
				CLANG_WARN_OBJC_LITERAL_CONVERSION = YES;
				CLANG_WARN_OBJC_ROOT_CLASS = YES_ERROR;
				CLANG_WARN_QUOTED_INCLUDE_IN_FRAMEWORK_HEADER = YES;
				CLANG_WARN_RANGE_LOOP_ANALYSIS = YES;
				CLANG_WARN_STRICT_PROTOTYPES = YES;
				CLANG_WARN_SUSPICIOUS_MOVE = YES;
				CLANG_WARN_UNGUARDED_AVAILABILITY = YES_AGGRESSIVE;
				CLANG_WARN_UNREACHABLE_CODE = YES;
				CLANG_WARN__DUPLICATE_METHOD_MATCH = YES;
				COPY_PHASE_STRIP = NO;
				DEBUG_INFORMATION_FORMAT = "dwarf-with-dsym";
				ENABLE_NS_ASSERTIONS = NO;
				ENABLE_STRICT_OBJC_MSGSEND = YES;
				GCC_C_LANGUAGE_STANDARD = gnu11;
				GCC_NO_COMMON_BLOCKS = YES;
				GCC_WARN_64_TO_32_BIT_CONVERSION = YES;
				GCC_WARN_ABOUT_RETURN_TYPE = YES_ERROR;
				GCC_WARN_UNDECLARED_SELECTOR = YES;
				GCC_WARN_UNINITIALIZED_AUTOS = YES_AGGRESSIVE;
				GCC_WARN_UNUSED_FUNCTION = YES;
				GCC_WARN_UNUSED_VARIABLE = YES;
				IPHONEOS_DEPLOYMENT_TARGET = 14.4;
				MTL_ENABLE_DEBUG_INFO = NO;
				MTL_FAST_MATH = YES;
				SDKROOT = iphoneos;
				VALIDATE_PRODUCT = YES;
			};
			name = Release;
		};
		8EAC29EE2689E673003DB4D0 /* Debug */ = {
			isa = XCBuildConfiguration;
			buildSettings = {
				ASSETCATALOG_COMPILER_APPICON_NAME = AppIcon;
				ASSETCATALOG_COMPILER_GLOBAL_ACCENT_COLOR_NAME = AccentColor;
				CODE_SIGN_STYLE = Automatic;
				DEVELOPMENT_TEAM = NE8VK2242L;
				INFOPLIST_FILE = MyTimeProfile/Info.plist;
				LD_RUNPATH_SEARCH_PATHS = (
					"$(inherited)",
					"@executable_path/Frameworks",
				);
				PRODUCT_BUNDLE_IDENTIFIER = "-23.MyTimeProfile";
				PRODUCT_NAME = "$(TARGET_NAME)";
				TARGETED_DEVICE_FAMILY = "1,2";
			};
			name = Debug;
		};
		8EAC29EF2689E673003DB4D0 /* Release */ = {
			isa = XCBuildConfiguration;
			buildSettings = {
				ASSETCATALOG_COMPILER_APPICON_NAME = AppIcon;
				ASSETCATALOG_COMPILER_GLOBAL_ACCENT_COLOR_NAME = AccentColor;
				CODE_SIGN_STYLE = Automatic;
				DEVELOPMENT_TEAM = NE8VK2242L;
				INFOPLIST_FILE = MyTimeProfile/Info.plist;
				LD_RUNPATH_SEARCH_PATHS = (
					"$(inherited)",
					"@executable_path/Frameworks",
				);
				PRODUCT_BUNDLE_IDENTIFIER = "-23.MyTimeProfile";
				PRODUCT_NAME = "$(TARGET_NAME)";
				TARGETED_DEVICE_FAMILY = "1,2";
			};
			name = Release;
		};
		8EAC29F12689E673003DB4D0 /* Debug */ = {
			isa = XCBuildConfiguration;
			buildSettings = {
				BUNDLE_LOADER = "$(TEST_HOST)";
				CODE_SIGN_STYLE = Automatic;
				DEVELOPMENT_TEAM = NE8VK2242L;
				INFOPLIST_FILE = MyTimeProfileTests/Info.plist;
				IPHONEOS_DEPLOYMENT_TARGET = 14.4;
				LD_RUNPATH_SEARCH_PATHS = (
					"$(inherited)",
					"@executable_path/Frameworks",
					"@loader_path/Frameworks",
				);
				PRODUCT_BUNDLE_IDENTIFIER = "-23.MyTimeProfileTests";
				PRODUCT_NAME = "$(TARGET_NAME)";
				TARGETED_DEVICE_FAMILY = "1,2";
				TEST_HOST = "$(BUILT_PRODUCTS_DIR)/MyTimeProfile.app/MyTimeProfile";
			};
			name = Debug;
		};
		8EAC29F22689E673003DB4D0 /* Release */ = {
			isa = XCBuildConfiguration;
			buildSettings = {
				BUNDLE_LOADER = "$(TEST_HOST)";
				CODE_SIGN_STYLE = Automatic;
				DEVELOPMENT_TEAM = NE8VK2242L;
				INFOPLIST_FILE = MyTimeProfileTests/Info.plist;
				IPHONEOS_DEPLOYMENT_TARGET = 14.4;
				LD_RUNPATH_SEARCH_PATHS = (
					"$(inherited)",
					"@executable_path/Frameworks",
					"@loader_path/Frameworks",
				);
				PRODUCT_BUNDLE_IDENTIFIER = "-23.MyTimeProfileTests";
				PRODUCT_NAME = "$(TARGET_NAME)";
				TARGETED_DEVICE_FAMILY = "1,2";
				TEST_HOST = "$(BUILT_PRODUCTS_DIR)/MyTimeProfile.app/MyTimeProfile";
			};
			name = Release;
		};
		8EAC29F42689E673003DB4D0 /* Debug */ = {
			isa = XCBuildConfiguration;
			buildSettings = {
				CODE_SIGN_STYLE = Automatic;
				DEVELOPMENT_TEAM = NE8VK2242L;
				INFOPLIST_FILE = MyTimeProfileUITests/Info.plist;
				LD_RUNPATH_SEARCH_PATHS = (
					"$(inherited)",
					"@executable_path/Frameworks",
					"@loader_path/Frameworks",
				);
				PRODUCT_BUNDLE_IDENTIFIER = "-23.MyTimeProfileUITests";
				PRODUCT_NAME = "$(TARGET_NAME)";
				TARGETED_DEVICE_FAMILY = "1,2";
				TEST_TARGET_NAME = MyTimeProfile;
			};
			name = Debug;
		};
		8EAC29F52689E673003DB4D0 /* Release */ = {
			isa = XCBuildConfiguration;
			buildSettings = {
				CODE_SIGN_STYLE = Automatic;
				DEVELOPMENT_TEAM = NE8VK2242L;
				INFOPLIST_FILE = MyTimeProfileUITests/Info.plist;
				LD_RUNPATH_SEARCH_PATHS = (
					"$(inherited)",
					"@executable_path/Frameworks",
					"@loader_path/Frameworks",
				);
				PRODUCT_BUNDLE_IDENTIFIER = "-23.MyTimeProfileUITests";
				PRODUCT_NAME = "$(TARGET_NAME)";
				TARGETED_DEVICE_FAMILY = "1,2";
				TEST_TARGET_NAME = MyTimeProfile;
			};
			name = Release;
		};
/* End XCBuildConfiguration section */

/* Begin XCConfigurationList section */
		8EAC29B92689E672003DB4D0 /* Build configuration list for PBXProject "MyTimeProfile" */ = {
			isa = XCConfigurationList;
			buildConfigurations = (
				8EAC29EB2689E673003DB4D0 /* Debug */,
				8EAC29EC2689E673003DB4D0 /* Release */,
			);
			defaultConfigurationIsVisible = 0;
			defaultConfigurationName = Release;
		};
		8EAC29ED2689E673003DB4D0 /* Build configuration list for PBXNativeTarget "MyTimeProfile" */ = {
			isa = XCConfigurationList;
			buildConfigurations = (
				8EAC29EE2689E673003DB4D0 /* Debug */,
				8EAC29EF2689E673003DB4D0 /* Release */,
			);
			defaultConfigurationIsVisible = 0;
			defaultConfigurationName = Release;
		};
		8EAC29F02689E673003DB4D0 /* Build configuration list for PBXNativeTarget "MyTimeProfileTests" */ = {
			isa = XCConfigurationList;
			buildConfigurations = (
				8EAC29F12689E673003DB4D0 /* Debug */,
				8EAC29F22689E673003DB4D0 /* Release */,
			);
			defaultConfigurationIsVisible = 0;
			defaultConfigurationName = Release;
		};
		8EAC29F32689E673003DB4D0 /* Build configuration list for PBXNativeTarget "MyTimeProfileUITests" */ = {
			isa = XCConfigurationList;
			buildConfigurations = (
				8EAC29F42689E673003DB4D0 /* Debug */,
				8EAC29F52689E673003DB4D0 /* Release */,
			);
			defaultConfigurationIsVisible = 0;
			defaultConfigurationName = Release;
		};
/* End XCConfigurationList section */
	};
	rootObject = 8EAC29B62689E672003DB4D0 /* Project object */;
}
